{
  "nodes": {
    "agent-skills": {
      "inputs": {
        "agent-skills": "agent-skills_2",
        "anthropic": "anthropic",
        "find-skills": "find-skills",
        "ui-skills": "ui-skills",
        "vercel": "vercel"
      },
      "locked": {
        "path": "./inputs/skills",
        "type": "path"
      },
      "original": {
        "path": "./inputs/skills",
        "type": "path"
      },
      "parent": []
    },
    "agent-skills_2": {
      "inputs": {
        "home-manager": "home-manager",
        "nixpkgs": "nixpkgs"
      },
      "locked": {
        "lastModified": 1771126756,
        "narHash": "sha256-0zemEeIavYjuSx+FhgVFalNPOv37juagQecuWI0EJCI=",
        "owner": "Kyure-A",
        "repo": "agent-skills-nix",
        "rev": "c866abf7af212299d23ade91cc1a1ae48c8bef8d",
        "type": "github"
      },
      "original": {
        "owner": "Kyure-A",
        "repo": "agent-skills-nix",
        "type": "github"
      }
    },
    "agents-md-generator": {
      "flake": false,
      "locked": {
        "lastModified": 1771231767,
        "narHash": "sha256-6kZGIyhBX8eJ50kCQN7U0efmx0Of4TKMRodVHcrK29c=",
        "owner": "nyosegawa",
        "repo": "agents-md-generator",
        "rev": "5af9bb6e3d57d556f0472c633ab2dc97ae76cfce",
        "type": "github"
      },
      "original": {
        "owner": "nyosegawa",
        "repo": "agents-md-generator",
        "type": "github"
      }
    },
    "anthropic": {
      "flake": false,
      "locked": {
        "lastModified": 1770412772,
        "narHash": "sha256-9FGubcwHcGBJcKl02aJ+YsTMiwDOdgU/FHALjARG51c=",
        "owner": "anthropics",
        "repo": "skills",
        "rev": "1ed29a03dc852d30fa6ef2ca53a67dc2c2c2c563",
        "type": "github"
      },
      "original": {
        "owner": "anthropics",
        "repo": "skills",
        "type": "github"
      }
    },
    "blueprint": {
      "inputs": {
        "nixpkgs": [
          "nixpkgs"
        ],
        "systems": "systems"
      },
      "locked": {
        "lastModified": 1771437256,
        "narHash": "sha256-bLqwib+rtyBRRVBWhMuBXPCL/OThfokA+j6+uH7jDGU=",
        "owner": "numtide",
        "repo": "blueprint",
        "rev": "06ee7190dc2620ea98af9eb225aa9627b68b0e33",
        "type": "github"
      },
      "original": {
        "owner": "numtide",
        "repo": "blueprint",
        "type": "github"
      }
    },
    "blueprint_2": {
      "inputs": {
        "nixpkgs": [
          "llm-agents",
          "nixpkgs"
        ],
        "systems": "systems_3"
      },
      "locked": {
        "lastModified": 1771437256,
        "narHash": "sha256-bLqwib+rtyBRRVBWhMuBXPCL/OThfokA+j6+uH7jDGU=",
        "owner": "numtide",
        "repo": "blueprint",
        "rev": "06ee7190dc2620ea98af9eb225aa9627b68b0e33",
        "type": "github"
      },
      "original": {
        "owner": "numtide",
        "repo": "blueprint",
        "type": "github"
      }
    },
    "brew-api": {
      "flake": false,
      "locked": {
        "lastModified": 1772007291,
        "narHash": "sha256-uZy1K/OwZxbg4946UHS4Cue/FbB7WgwYFqbkjdaLjmQ=",
        "owner": "BatteredBunny",
        "repo": "brew-api",
        "rev": "ca3a30a956301299e2103def08f24f94392ef6b0",
        "type": "github"
      },
      "original": {
        "owner": "BatteredBunny",
        "repo": "brew-api",
        "type": "github"
      }
    },
    "brew-nix": {
      "inputs": {
        "brew-api": [
          "brew-api"
        ],
        "nix-darwin": [
          "nix-darwin"
        ],
        "nixpkgs": [
          "nixpkgs"
        ]
      },
      "locked": {
        "lastModified": 1764779851,
        "narHash": "sha256-7WrgeIYBEuFG7DZtS8dio0y9nvRHf3otk7oqsPIoECs=",
        "owner": "BatteredBunny",
        "repo": "brew-nix",
        "rev": "b314426c17667bcebd73ed7e57ecae2bac9755cf",
        "type": "github"
      },
      "original": {
        "owner": "BatteredBunny",
        "repo": "brew-nix",
        "type": "github"
      }
    },
    "bun2nix": {
      "inputs": {
        "flake-parts": "flake-parts",
        "import-tree": "import-tree",
        "nixpkgs": [
          "nixpkgs"
        ],
        "systems": "systems_2",
        "treefmt-nix": "treefmt-nix"
      },
      "locked": {
        "lastModified": 1770895533,
        "narHash": "sha256-v3QaK9ugy9bN9RXDnjw0i2OifKmz2NnKM82agtqm/UY=",
        "owner": "nix-community",
        "repo": "bun2nix",
        "rev": "c843f477b15f51151f8c6bcc886954699440a6e1",
        "type": "github"
      },
      "original": {
        "owner": "nix-community",
        "repo": "bun2nix",
        "type": "github"
      }
    },
    "elisp-helpers": {
      "inputs": {
        "fromElisp": "fromElisp"
      },
      "locked": {
        "lastModified": 1763784882,
        "narHash": "sha256-ZaGDaT7hKNFh/RwT0YZqWL9AzFjRgpUPGGYbVVHJ4PM=",
        "owner": "emacs-twist",
        "repo": "elisp-helpers",
        "rev": "6126c7bb179b13442c86e6f5ee9ff7b0c4837e53",
        "type": "github"
      },
      "original": {
        "owner": "emacs-twist",
        "repo": "elisp-helpers",
        "type": "github"
      }
    },
    "elpa": {
      "flake": false,
      "locked": {
        "lastModified": 1765018035,
        "narHash": "sha256-qEkKN4KlvFCOXgLSb1JnHxrEh5Plc6rkUTwM9Ldt9BM=",
        "owner": "elpa-mirrors",
        "repo": "elpa",
        "rev": "38919c57854227ba2a8c334ea028ddf1b0508fb4",
        "type": "github"
      },
      "original": {
        "owner": "elpa-mirrors",
        "repo": "elpa",
        "type": "github"
      }
    },
    "emacs": {
      "inputs": {
        "blueprint": [
          "blueprint"
        ],
        "elpa": "elpa",
        "emacs": "emacs_2",
        "epkgs": "epkgs",
        "melpa": "melpa",
        "nixpkgs": [
          "nixpkgs"
        ],
        "nongnu": "nongnu",
        "org-babel": "org-babel",
        "twist": "twist"
      },
      "locked": {
        "lastModified": 1775228695,
        "narHash": "sha256-MS985ErtyhqM1Qr0YPiIorheLc4PtDObGTWD7MJ8JwM=",
        "owner": "Kyure-A",
        "repo": ".emacs.d",
        "rev": "cc4fe562ff9c5b8c4122231ea784f1a04a081907",
        "type": "github"
      },
      "original": {
        "owner": "Kyure-A",
        "ref": "master",
        "repo": ".emacs.d",
        "type": "github"
      }
    },
    "emacs_2": {
      "inputs": {
        "nixpkgs": "nixpkgs_2",
        "nixpkgs-stable": "nixpkgs-stable"
      },
      "locked": {
        "lastModified": 1771691422,
        "narHash": "sha256-+ftf8BU7zDnv9M2hUNWfgThlwED5m3sgIX8lNK0Ddy0=",
        "owner": "nix-community",
        "repo": "emacs-overlay",
        "rev": "d0c68cdea5a3cdca51dfb0430615b11239496ce2",
        "type": "github"
      },
      "original": {
        "owner": "nix-community",
        "repo": "emacs-overlay",
        "type": "github"
      }
    },
    "epkgs": {
      "flake": false,
      "locked": {
        "lastModified": 1766355624,
        "narHash": "sha256-seI7OVUFQvMnNnLpwThAywOkFWRTZpZZOSRdNnqHqig=",
        "owner": "emacsmirror",
        "repo": "epkgs",
        "rev": "ea5c9be6612251011b0bab360c4b95b4ce5cb8a0",
        "type": "github"
      },
      "original": {
        "owner": "emacsmirror",
        "repo": "epkgs",
        "type": "github"
      }
    },
    "fast-syntax-highlighting": {
      "flake": false,
      "locked": {
        "lastModified": 1752660993,
        "narHash": "sha256-ZihUL4JAVk9V+IELSakytlb24BvEEJ161CQEHZYYoSA=",
        "owner": "zdharma-continuum",
        "repo": "fast-syntax-highlighting",
        "rev": "3d574ccf48804b10dca52625df13da5edae7f553",
        "type": "github"
      },
      "original": {
        "owner": "zdharma-continuum",
        "repo": "fast-syntax-highlighting",
        "type": "github"
      }
    },
    "fenix": {
      "inputs": {
        "nixpkgs": [
          "nixpkgs"
        ],
        "rust-analyzer-src": "rust-analyzer-src"
      },
      "locked": {
        "lastModified": 1772003627,
        "narHash": "sha256-210L26+qY96xXmwi1UZbDmKKbOrBS9VqHx5JwEwJroU=",
        "owner": "nix-community",
        "repo": "fenix",
        "rev": "bd25550bbf2a8cf1a4c033a6bf8c1de1f1f2f5f8",
        "type": "github"
      },
      "original": {
        "owner": "nix-community",
        "repo": "fenix",
        "type": "github"
      }
    },
    "find-skills": {
      "flake": false,
      "locked": {
        "lastModified": 1771039040,
        "narHash": "sha256-JidfLICAkXY1xEUSGcRZbS88x50cxyZcG9uRFASqOqI=",
        "owner": "vercel-labs",
        "repo": "skills",
        "rev": "82dd76bda58bedde5ddbf8f86fe63a538db20c19",
        "type": "github"
      },
      "original": {
        "owner": "vercel-labs",
        "repo": "skills",
        "type": "github"
      }
    },
    "flake-compat": {
      "flake": false,
      "locked": {
        "lastModified": 1767039857,
        "narHash": "sha256-vNpUSpF5Nuw8xvDLj2KCwwksIbjua2LZCqhV1LNRDns=",
        "owner": "edolstra",
        "repo": "flake-compat",
        "rev": "5edf11c44bc78a0d334f6334cdaf7d60d732daab",
        "type": "github"
      },
      "original": {
        "owner": "edolstra",
        "repo": "flake-compat",
        "type": "github"
      }
    },
    "flake-compat_2": {
      "flake": false,
      "locked": {
        "lastModified": 1767039857,
        "narHash": "sha256-vNpUSpF5Nuw8xvDLj2KCwwksIbjua2LZCqhV1LNRDns=",
        "owner": "NixOS",
        "repo": "flake-compat",
        "rev": "5edf11c44bc78a0d334f6334cdaf7d60d732daab",
        "type": "github"
      },
      "original": {
        "owner": "NixOS",
        "repo": "flake-compat",
        "type": "github"
      }
    },
    "flake-parts": {
      "inputs": {
        "nixpkgs-lib": "nixpkgs-lib"
      },
      "locked": {
        "lastModified": 1769996383,
        "narHash": "sha256-AnYjnFWgS49RlqX7LrC4uA+sCCDBj0Ry/WOJ5XWAsa0=",
        "owner": "hercules-ci",
        "repo": "flake-parts",
        "rev": "57928607ea566b5db3ad13af0e57e921e6b12381",
        "type": "github"
      },
      "original": {
        "owner": "hercules-ci",
        "repo": "flake-parts",
        "type": "github"
      }
    },
    "flake-parts_2": {
      "inputs": {
        "nixpkgs-lib": "nixpkgs-lib_2"
      },
      "locked": {
        "lastModified": 1769996383,
        "narHash": "sha256-AnYjnFWgS49RlqX7LrC4uA+sCCDBj0Ry/WOJ5XWAsa0=",
        "owner": "hercules-ci",
        "repo": "flake-parts",
        "rev": "57928607ea566b5db3ad13af0e57e921e6b12381",
        "type": "github"
      },
      "original": {
        "owner": "hercules-ci",
        "repo": "flake-parts",
        "type": "github"
      }
    },
    "fromElisp": {
      "flake": false,
      "locked": {
        "lastModified": 1723987997,
        "narHash": "sha256-OhaVgTG6zjLByzl+uPTvtCld3p2uqgbCXmOl/s3LVRo=",
        "owner": "talyz",
        "repo": "fromElisp",
        "rev": "f071a0e262c02c0895b575c4e322b7fd90713543",
        "type": "github"
      },
      "original": {
        "owner": "talyz",
        "repo": "fromElisp",
        "type": "github"
      }
    },
    "fzf": {
      "flake": false,
      "locked": {
        "lastModified": 1771428009,
        "narHash": "sha256-yRd19Kx5u7vNZ3azFPCI2ait++vCxsa+t3ygJ6ug1i0=",
        "owner": "junegunn",
        "repo": "fzf",
        "rev": "4522868fc0d3d9a41a58250810e22949879f092f",
        "type": "github"
      },
      "original": {
        "owner": "junegunn",
        "repo": "fzf",
        "type": "github"
      }
    },
    "git-hooks": {
      "inputs": {
        "flake-compat": "flake-compat_2",
        "gitignore": "gitignore",
        "nixpkgs": [
          "rustowl-flake",
          "nixpkgs"
        ]
      },
      "locked": {
        "lastModified": 1771858127,
        "narHash": "sha256-Gtre9YoYl3n25tJH2AoSdjuwcqij5CPxL3U3xysYD08=",
        "owner": "cachix",
        "repo": "git-hooks.nix",
        "rev": "49bbbfc218bf3856dfa631cead3b052d78248b83",
        "type": "github"
      },
      "original": {
        "owner": "cachix",
        "repo": "git-hooks.nix",
        "type": "github"
      }
    },
    "gitignore": {
      "inputs": {
        "nixpkgs": [
          "rustowl-flake",
          "git-hooks",
          "nixpkgs"
        ]
      },
      "locked": {
        "lastModified": 1709087332,
        "narHash": "sha256-HG2cCnktfHsKV0s4XW83gU3F57gaTljL9KNSuG6bnQs=",
        "owner": "hercules-ci",
        "repo": "gitignore.nix",
        "rev": "637db329424fd7e46cf4185293b9cc8c88c95394",
        "type": "github"
      },
      "original": {
        "owner": "hercules-ci",
        "repo": "gitignore.nix",
        "type": "github"
      }
    },
    "glide": {
      "inputs": {
        "nixpkgs": [
          "nixpkgs"
        ]
      },
      "locked": {
        "lastModified": 1772644825,
        "narHash": "sha256-YEDZI1G9rcXvhfqT/70LFmejhQBq7mDI8lqJ20ebtDo=",
        "owner": "Kyure-A",
        "repo": "glide",
        "rev": "b30e376a14948f68cd26ad59bd6ddc3103fbdb29",
        "type": "github"
      },
      "original": {
        "owner": "Kyure-A",
        "ref": "pip",
        "repo": "glide",
        "type": "github"
      }
    },
    "home-manager": {
      "inputs": {
        "nixpkgs": [
          "agent-skills",
          "agent-skills",
          "nixpkgs"
        ]
      },
      "locked": {
        "lastModified": 1770586272,
        "narHash": "sha256-Ucci8mu8QfxwzyfER2DQDbvW9t1BnTUJhBmY7ybralo=",
        "owner": "nix-community",
        "repo": "home-manager",
        "rev": "b1f916ba052341edc1f80d4b2399f1092a4873ca",
        "type": "github"
      },
      "original": {
        "owner": "nix-community",
        "repo": "home-manager",
        "type": "github"
      }
    },
    "home-manager_2": {
      "inputs": {
        "nixpkgs": [
          "nixpkgs"
        ]
      },
      "locked": {
        "lastModified": 1771851181,
        "narHash": "sha256-gFgE6mGUftwseV3DUENMb0k0EiHd739lZexPo5O/sdQ=",
        "owner": "nix-community",
        "repo": "home-manager",
        "rev": "9a4b494b1aa1b93d8edf167f46dc8e0c0011280c",
        "type": "github"
      },
      "original": {
        "owner": "nix-community",
        "ref": "master",
        "repo": "home-manager",
        "type": "github"
      }
    },
    "import-tree": {
      "locked": {
        "lastModified": 1763762820,
        "narHash": "sha256-ZvYKbFib3AEwiNMLsejb/CWs/OL/srFQ8AogkebEPF0=",
        "owner": "vic",
        "repo": "import-tree",
        "rev": "3c23749d8013ec6daa1d7255057590e9ca726646",
        "type": "github"
      },
      "original": {
        "owner": "vic",
        "repo": "import-tree",
        "type": "github"
      }
    },
    "llm-agents": {
      "inputs": {
        "blueprint": "blueprint_2",
        "nixpkgs": [
          "nixpkgs"
        ],
        "treefmt-nix": "treefmt-nix_2"
      },
      "locked": {
        "lastModified": 1771988864,
        "narHash": "sha256-Zc0kPK7nu+bThM5En5ZbLXhROU5DM6sj6rLdJ2wyaRA=",
        "owner": "numtide",
        "repo": "llm-agents.nix",
        "rev": "378270d796a9380ba72cf4ba0997d2c40a21d42f",
        "type": "github"
      },
      "original": {
        "owner": "numtide",
        "repo": "llm-agents.nix",
        "type": "github"
      }
    },
    "melpa": {
      "flake": false,
      "locked": {
        "lastModified": 1766363281,
        "narHash": "sha256-kZYr8o3J0MSKN2Va/EU3eqj760qniabh8dKD5w8C/Zs=",
        "owner": "melpa",
        "repo": "melpa",
        "rev": "3cc342c2e3d35e6ea625f6fd857fc7e013b1f7fe",
        "type": "github"
      },
      "original": {
        "owner": "melpa",
        "repo": "melpa",
        "type": "github"
      }
    },
    "nix-darwin": {
      "inputs": {
        "nixpkgs": [
          "nixpkgs"
        ]
      },
      "locked": {
        "lastModified": 1771992996,
        "narHash": "sha256-Y/ijH/unOPxzUicbla6yT/14RJgubUWnY2I2A6Ast2Q=",
        "owner": "LnL7",
        "repo": "nix-darwin",
        "rev": "3bfa436c1975674ca465ce34586467be301ff509",
        "type": "github"
      },
      "original": {
        "owner": "LnL7",
        "repo": "nix-darwin",
        "type": "github"
      }
    },
    "nix-zsh-completions": {
      "flake": false,
      "locked": {
        "lastModified": 1765577512,
        "narHash": "sha256-ogDhANf4MpVZn5sWZymT0EIjDMTLSHRGzNjHsw/dX8o=",
        "owner": "nix-community",
        "repo": "nix-zsh-completions",
        "rev": "d4ae06bedb9a353ac894862d1d83f60ab4e2ccce",
        "type": "github"
      },
      "original": {
        "owner": "nix-community",
        "repo": "nix-zsh-completions",
        "type": "github"
      }
    },
    "nixos-wsl": {
      "inputs": {
        "flake-compat": "flake-compat",
        "nixpkgs": [
          "nixpkgs"
        ]
      },
      "locked": {
        "lastModified": 1771563879,
        "narHash": "sha256-vA5hocvdGhr+jfBN7A7ogeZqIz2qx01EixXwdVsQcnE=",
        "owner": "nix-community",
        "repo": "NixOS-WSL",
        "rev": "379d20c55f552e91fb9f3f0382e4a97d3f452943",
        "type": "github"
      },
      "original": {
        "owner": "nix-community",
        "repo": "NixOS-WSL",
        "type": "github"
      }
    },
    "nixpkgs": {
      "locked": {
        "lastModified": 1770562336,
        "narHash": "sha256-ub1gpAONMFsT/GU2hV6ZWJjur8rJ6kKxdm9IlCT0j84=",
        "owner": "NixOS",
        "repo": "nixpkgs",
        "rev": "d6c71932130818840fc8fe9509cf50be8c64634f",
        "type": "github"
      },
      "original": {
        "owner": "NixOS",
        "ref": "nixos-unstable",
        "repo": "nixpkgs",
        "type": "github"
      }
    },
    "nixpkgs-lib": {
      "locked": {
        "lastModified": 1769909678,
        "narHash": "sha256-cBEymOf4/o3FD5AZnzC3J9hLbiZ+QDT/KDuyHXVJOpM=",
        "owner": "nix-community",
        "repo": "nixpkgs.lib",
        "rev": "72716169fe93074c333e8d0173151350670b824c",
        "type": "github"
      },
      "original": {
        "owner": "nix-community",
        "repo": "nixpkgs.lib",
        "type": "github"
      }
    },
    "nixpkgs-lib_2": {
      "locked": {
        "lastModified": 1769909678,
        "narHash": "sha256-cBEymOf4/o3FD5AZnzC3J9hLbiZ+QDT/KDuyHXVJOpM=",
        "owner": "nix-community",
        "repo": "nixpkgs.lib",
        "rev": "72716169fe93074c333e8d0173151350670b824c",
        "type": "github"
      },
      "original": {
        "owner": "nix-community",
        "repo": "nixpkgs.lib",
        "type": "github"
      }
    },
    "nixpkgs-stable": {
      "locked": {
        "lastModified": 1767313136,
        "narHash": "sha256-16KkgfdYqjaeRGBaYsNrhPRRENs0qzkQVUooNHtoy2w=",
        "owner": "NixOS",
        "repo": "nixpkgs",
        "rev": "ac62194c3917d5f474c1a844b6fd6da2db95077d",
        "type": "github"
      },
      "original": {
        "owner": "NixOS",
        "ref": "nixos-25.05",
        "repo": "nixpkgs",
        "type": "github"
      }
    },
    "nixpkgs_2": {
      "locked": {
        "lastModified": 1771369470,
        "narHash": "sha256-0NBlEBKkN3lufyvFegY4TYv5mCNHbi5OmBDrzihbBMQ=",
        "owner": "NixOS",
        "repo": "nixpkgs",
        "rev": "0182a361324364ae3f436a63005877674cf45efb",
        "type": "github"
      },
      "original": {
        "owner": "NixOS",
        "ref": "nixos-unstable",
        "repo": "nixpkgs",
        "type": "github"
      }
    },
    "nixpkgs_3": {
      "locked": {
        "lastModified": 1772009842,
        "narHash": "sha256-5xhixwPMh3YYKrlJ3BgHXR0OG85/HxgB61EpHhK/284=",
        "owner": "nixos",
        "repo": "nixpkgs",
        "rev": "33a377c47a9136150bafd5a755f07c8f946b9368",
        "type": "github"
      },
      "original": {
        "owner": "nixos",
        "repo": "nixpkgs",
        "type": "github"
      }
    },
    "nixpkgs_4": {
      "locked": {
        "lastModified": 1771923393,
        "narHash": "sha256-Fy0+UXELv9hOE8WjYhJt8fMDLYTU2Dqn3cX4BwoGBos=",
        "owner": "NixOS",
        "repo": "nixpkgs",
        "rev": "ea7f1f06811ce7fcc81d6c6fd4213150c23edcf2",
        "type": "github"
      },
      "original": {
        "owner": "NixOS",
        "ref": "nixpkgs-unstable",
        "repo": "nixpkgs",
        "type": "github"
      }
    },
    "nixpkgs_5": {
      "locked": {
        "lastModified": 1744536153,
        "narHash": "sha256-awS2zRgF4uTwrOKwwiJcByDzDOdo3Q1rPZbiHQg/N38=",
        "owner": "NixOS",
        "repo": "nixpkgs",
        "rev": "18dd725c29603f582cf1900e0d25f9f1063dbf11",
        "type": "github"
      },
      "original": {
        "owner": "NixOS",
        "ref": "nixpkgs-unstable",
        "repo": "nixpkgs",
        "type": "github"
      }
    },
    "nongnu": {
      "flake": false,
      "locked": {
        "lastModified": 1766330836,
        "narHash": "sha256-5xEE7ETb+bkgz2oYVfRctbux3BJ0atgHa06wfy3GKAc=",
        "owner": "elpa-mirrors",
        "repo": "nongnu",
        "rev": "20e4c584065bbf872471fc2c5859f49f125aae64",
        "type": "github"
      },
      "original": {
        "owner": "elpa-mirrors",
        "repo": "nongnu",
        "type": "github"
      }
    },
    "org-babel": {
      "locked": {
        "lastModified": 1731256202,
        "narHash": "sha256-xtV0vIUhl3ZUzaUIHSaiWpybxyCgQ9Yp/MUGo3f5zvM=",
        "owner": "Kyure-A",
        "repo": "org-babel",
        "rev": "a5d16c54aca35c07af59d216cda598163512db42",
        "type": "github"
      },
      "original": {
        "owner": "Kyure-A",
        "repo": "org-babel",
        "type": "github"
      }
    },
    "root": {
      "inputs": {
        "agent-skills": "agent-skills",
        "blueprint": "blueprint",
        "brew-api": "brew-api",
        "brew-nix": "brew-nix",
        "bun2nix": "bun2nix",
        "emacs": "emacs",
        "fenix": "fenix",
        "glide": "glide",
        "home-manager": "home-manager_2",
        "llm-agents": "llm-agents",
        "nix-darwin": "nix-darwin",
        "nixos-wsl": "nixos-wsl",
        "nixpkgs": "nixpkgs_3",
        "rust-overlay": "rust-overlay",
        "rustowl-flake": "rustowl-flake",
        "sheldon": "sheldon",
        "treefmt-nix": "treefmt-nix_3"
      }
    },
    "rust-analyzer-src": {
      "flake": false,
      "locked": {
        "lastModified": 1771962994,
        "narHash": "sha256-/HdzuE1cHT93r39IVEBuzeJBD9mNutnyrVufO8JSwQQ=",
        "owner": "rust-lang",
        "repo": "rust-analyzer",
        "rev": "ff041aa3373a0440611e6ecebdcf8f6f86fa9b9f",
        "type": "github"
      },
      "original": {
        "owner": "rust-lang",
        "ref": "nightly",
        "repo": "rust-analyzer",
        "type": "github"
      }
    },
    "rust-overlay": {
      "inputs": {
        "nixpkgs": [
          "nixpkgs"
        ]
      },
      "locked": {
        "lastModified": 1771988922,
        "narHash": "sha256-Fc6FHXtfEkLtuVJzd0B6tFYMhmcPLuxr90rWfb/2jtQ=",
        "owner": "oxalica",
        "repo": "rust-overlay",
        "rev": "f4443dc3f0b6c5e6b77d923156943ce816d1fcb9",
        "type": "github"
      },
      "original": {
        "owner": "oxalica",
        "repo": "rust-overlay",
        "type": "github"
      }
    },
    "rust-overlay_2": {
      "inputs": {
        "nixpkgs": "nixpkgs_5"
      },
      "locked": {
        "lastModified": 1771902481,
        "narHash": "sha256-svI5ivzggtu4KhCdoab3xR5+Btop24o7yLFtIPXrsPM=",
        "owner": "oxalica",
        "repo": "rust-overlay",
        "rev": "5177426d9f8f7f1827001c9749b9a9c5570d456b",
        "type": "github"
      },
      "original": {
        "owner": "oxalica",
        "repo": "rust-overlay",
        "type": "github"
      }
    },
    "rustowl": {
      "flake": false,
      "locked": {
        "lastModified": 1771901430,
        "narHash": "sha256-GXoR4v6sAOqhug4IR4ZhmtdiI9ekpRzOYIl3G5Qjx44=",
        "owner": "cordx56",
        "repo": "rustowl",
        "rev": "820baa82d53e558cc3a9e09a7b6c1a8c0da6b7f6",
        "type": "github"
      },
      "original": {
        "owner": "cordx56",
        "repo": "rustowl",
        "type": "github"
      }
    },
    "rustowl-flake": {
      "inputs": {
        "flake-parts": "flake-parts_2",
        "git-hooks": "git-hooks",
        "nixpkgs": "nixpkgs_4",
        "rust-overlay": "rust-overlay_2",
        "rustowl": "rustowl"
      },
      "locked": {
        "lastModified": 1771984771,
        "narHash": "sha256-8fcbkzC17gqybSsaDdIcb3cQYXExK3EaLRN5YG24NdI=",
        "owner": "mrcjkb",
        "repo": "rustowl-flake",
        "rev": "737477b3778e83b976587a7def380cad4c567738",
        "type": "github"
      },
      "original": {
        "owner": "mrcjkb",
        "repo": "rustowl-flake",
        "type": "github"
      }
    },
    "sheldon": {
      "inputs": {
        "agents-md-generator": "agents-md-generator",
        "fast-syntax-highlighting": "fast-syntax-highlighting",
        "fzf": "fzf",
        "nix-zsh-completions": "nix-zsh-completions",
        "zsh-completions": "zsh-completions",
        "zsh-history-substring-search": "zsh-history-substring-search",
        "zsh-you-should-use": "zsh-you-should-use"
      },
      "locked": {
        "path": "./inputs/sheldon",
        "type": "path"
      },
      "original": {
        "path": "./inputs/sheldon",
        "type": "path"
      },
      "parent": []
    },
    "systems": {
      "locked": {
        "lastModified": 1681028828,
        "narHash": "sha256-Vy1rq5AaRuLzOxct8nz4T6wlgyUR7zLU309k9mBC768=",
        "owner": "nix-systems",
        "repo": "default",
        "rev": "da67096a3b9bf56a91d16901293e51ba5b49a27e",
        "type": "github"
      },
      "original": {
        "owner": "nix-systems",
        "repo": "default",
        "type": "github"
      }
    },
    "systems_2": {
      "locked": {
        "lastModified": 1681028828,
        "narHash": "sha256-Vy1rq5AaRuLzOxct8nz4T6wlgyUR7zLU309k9mBC768=",
        "owner": "nix-systems",
        "repo": "default",
        "rev": "da67096a3b9bf56a91d16901293e51ba5b49a27e",
        "type": "github"
      },
      "original": {
        "owner": "nix-systems",
        "repo": "default",
        "type": "github"
      }
    },
    "systems_3": {
      "locked": {
        "lastModified": 1681028828,
        "narHash": "sha256-Vy1rq5AaRuLzOxct8nz4T6wlgyUR7zLU309k9mBC768=",
        "owner": "nix-systems",
        "repo": "default",
        "rev": "da67096a3b9bf56a91d16901293e51ba5b49a27e",
        "type": "github"
      },
      "original": {
        "owner": "nix-systems",
        "repo": "default",
        "type": "github"
      }
    },
    "treefmt-nix": {
      "inputs": {
        "nixpkgs": [
          "bun2nix",
          "nixpkgs"
        ]
      },
      "locked": {
        "lastModified": 1770228511,
        "narHash": "sha256-wQ6NJSuFqAEmIg2VMnLdCnUc0b7vslUohqqGGD+Fyxk=",
        "owner": "numtide",
        "repo": "treefmt-nix",
        "rev": "337a4fe074be1042a35086f15481d763b8ddc0e7",
        "type": "github"
      },
      "original": {
        "owner": "numtide",
        "repo": "treefmt-nix",
        "type": "github"
      }
    },
    "treefmt-nix_2": {
      "inputs": {
        "nixpkgs": [
          "llm-agents",
          "nixpkgs"
        ]
      },
      "locked": {
        "lastModified": 1770228511,
        "narHash": "sha256-wQ6NJSuFqAEmIg2VMnLdCnUc0b7vslUohqqGGD+Fyxk=",
        "owner": "numtide",
        "repo": "treefmt-nix",
        "rev": "337a4fe074be1042a35086f15481d763b8ddc0e7",
        "type": "github"
      },
      "original": {
        "owner": "numtide",
        "repo": "treefmt-nix",
        "type": "github"
      }
    },
    "treefmt-nix_3": {
      "inputs": {
        "nixpkgs": [
          "nixpkgs"
        ]
      },
      "locked": {
        "lastModified": 1770228511,
        "narHash": "sha256-wQ6NJSuFqAEmIg2VMnLdCnUc0b7vslUohqqGGD+Fyxk=",
        "owner": "numtide",
        "repo": "treefmt-nix",
        "rev": "337a4fe074be1042a35086f15481d763b8ddc0e7",
        "type": "github"
      },
      "original": {
        "owner": "numtide",
        "repo": "treefmt-nix",
        "type": "github"
      }
    },
    "twist": {
      "inputs": {
        "elisp-helpers": "elisp-helpers"
      },
      "locked": {
        "lastModified": 1767245636,
        "narHash": "sha256-JIHRt5IOrQTYvb2FCXAs3iu2rDW+dY8XQpfePJgNK9Y=",
        "owner": "Kyure-A",
        "repo": "twist.nix",
        "rev": "975398b1abfb970b07c01dc6035fd2554370ef45",
        "type": "github"
      },
      "original": {
        "owner": "Kyure-A",
        "repo": "twist.nix",
        "type": "github"
      }
    },
    "ui-skills": {
      "flake": false,
      "locked": {
        "lastModified": 1769765439,
        "narHash": "sha256-dzOMQUlr9iqlWDPVU186TMSt2iIlmWKPqC/KQuIN9Xs=",
        "owner": "ibelick",
        "repo": "ui-skills",
        "rev": "b6bb121725c9f75426392394f306b0d34d9090fa",
        "type": "github"
      },
      "original": {
        "owner": "ibelick",
        "repo": "ui-skills",
        "type": "github"
      }
    },
    "vercel": {
      "flake": false,
      "locked": {
        "lastModified": 1769685356,
        "narHash": "sha256-rSfySiCwtEP82tG9La4G7l4bu7W40ICT2qHeqpJArXc=",
        "owner": "vercel-labs",
        "repo": "agent-skills",
        "rev": "e23951b8cad2f4b1e7e176c5731127c1263fe86f",
        "type": "github"
      },
      "original": {
        "owner": "vercel-labs",
        "repo": "agent-skills",
        "type": "github"
      }
    },
    "zsh-completions": {
      "flake": false,
      "locked": {
        "lastModified": 1771409300,
        "narHash": "sha256-gSvuBYxe+L6ZdAViz4xyTkCGBKH1872bFdvBEAQYZKQ=",
        "owner": "zsh-users",
        "repo": "zsh-completions",
        "rev": "4c84ebad534bdac3d2061db69082960c50856538",
        "type": "github"
      },
      "original": {
        "owner": "zsh-users",
        "repo": "zsh-completions",
        "type": "github"
      }
    },
    "zsh-history-substring-search": {
      "flake": false,
      "locked": {
        "lastModified": 1768499095,
        "narHash": "sha256-KHujL1/TM5R3m4uQh2nGVC98D6MOyCgQpyFf+8gjKR0=",
        "owner": "zsh-users",
        "repo": "zsh-history-substring-search",
        "rev": "14c8d2e0ffaee98f2df9850b19944f32546fdea5",
        "type": "github"
      },
      "original": {
        "owner": "zsh-users",
        "repo": "zsh-history-substring-search",
        "type": "github"
      }
    },
    "zsh-you-should-use": {
      "flake": false,
      "locked": {
        "lastModified": 1771428101,
        "narHash": "sha256-a/DNVxD55Bh6AmSh5C4z4JpZM5xUiQgoaFoDgYPQsbo=",
        "owner": "MichaelAquilina",
        "repo": "zsh-you-should-use",
        "rev": "ff371d6a11b653e1fa8dda4e61c896c78de26bfa",
        "type": "github"
      },
      "original": {
        "owner": "MichaelAquilina",
        "repo": "zsh-you-should-use",
        "type": "github"
      }
    }
  },
  "root": "root",
  "version": 7
}
