{
  "name": "sourcegraph-amp-nix-wrapper",
  "version": "0.0.0",
  "lockfileVersion": 3,
  "requires": true,
  "packages": {
    "": {
      "name": "sourcegraph-amp-nix-wrapper",
      "version": "0.0.0",
      "dependencies": {
        "@sourcegraph/amp": "0.0.1784610062-g06294c"
      }
    },
    "node_modules/@ampcode/cli": {
      "version": "0.0.1784610062-g06294c",
      "resolved": "https://registry.npmjs.org/@ampcode/cli/-/cli-0.0.1784610062-g06294c.tgz",
      "integrity": "sha512-MhRVHSsewFRGUvzVVlL0MWf3LGyn4pngH3F/krIHx0ooT4fAy/tHV47a2s0Ie6630lrNrB4G0+xJ0G61Qo9zXg==",
      "hasInstallScript": true,
      "license": "SEE LICENSE IN LICENSE.md",
      "bin": {
        "amp": "bin/amp.exe"
      },
      "optionalDependencies": {
        "@ampcode/cli-darwin-arm64": "0.0.1784610062-g06294c",
        "@ampcode/cli-darwin-x64": "0.0.1784610062-g06294c",
        "@ampcode/cli-linux-arm64": "0.0.1784610062-g06294c",
        "@ampcode/cli-linux-x64": "0.0.1784610062-g06294c",
        "@ampcode/cli-win32-x64": "0.0.1784610062-g06294c"
      }
    },
    "node_modules/@ampcode/cli-darwin-arm64": {
      "version": "0.0.1784610062-g06294c",
      "resolved": "https://registry.npmjs.org/@ampcode/cli-darwin-arm64/-/cli-darwin-arm64-0.0.1784610062-g06294c.tgz",
      "integrity": "sha512-HseIdxrmyS3e86zxzjaz2i0bJVU2I738iqfSUcMRIsJmKB/b9P0uAqgFmzffO7F4GRCaDRKj3lYLo896Pr/1yQ==",
      "cpu": [
        "arm64"
      ],
      "license": "SEE LICENSE IN LICENSE.md",
      "optional": true,
      "os": [
        "darwin"
      ]
    },
    "node_modules/@ampcode/cli-darwin-x64": {
      "version": "0.0.1784610062-g06294c",
      "resolved": "https://registry.npmjs.org/@ampcode/cli-darwin-x64/-/cli-darwin-x64-0.0.1784610062-g06294c.tgz",
      "integrity": "sha512-WMl8kkpKrptrPNsQmRhWczCvb1hRfyEzuVnTuddpXXwqNoPwlx1LJKx6f526VMxxT9R7giHE1l4grxucB8du0g==",
      "cpu": [
        "x64"
      ],
      "license": "SEE LICENSE IN LICENSE.md",
      "optional": true,
      "os": [
        "darwin"
      ]
    },
    "node_modules/@ampcode/cli-linux-arm64": {
      "version": "0.0.1784610062-g06294c",
      "resolved": "https://registry.npmjs.org/@ampcode/cli-linux-arm64/-/cli-linux-arm64-0.0.1784610062-g06294c.tgz",
      "integrity": "sha512-b9fLrp8jFEdoHImvagB225aUAUwr1kQ3QfSsb91py+jBwp9dGezph9tGoOfDBXdnwx8ZbigS4GCn16lDDF8NiQ==",
      "cpu": [
        "arm64"
      ],
      "license": "SEE LICENSE IN LICENSE.md",
      "optional": true,
      "os": [
        "linux"
      ]
    },
    "node_modules/@ampcode/cli-linux-x64": {
      "version": "0.0.1784610062-g06294c",
      "resolved": "https://registry.npmjs.org/@ampcode/cli-linux-x64/-/cli-linux-x64-0.0.1784610062-g06294c.tgz",
      "integrity": "sha512-fh6YcHiDvefOIaNlxCvB5Nz9FLiY+x+mGjjA3ecZTuCCbHpopI1znxduEJIkx0Y72N/gX1cYae+K7E2kgqe90Q==",
      "cpu": [
        "x64"
      ],
      "license": "SEE LICENSE IN LICENSE.md",
      "optional": true,
      "os": [
        "linux"
      ]
    },
    "node_modules/@ampcode/cli-win32-x64": {
      "version": "0.0.1784610062-g06294c",
      "resolved": "https://registry.npmjs.org/@ampcode/cli-win32-x64/-/cli-win32-x64-0.0.1784610062-g06294c.tgz",
      "integrity": "sha512-r0Hf6xlLp92MoUeoOZ+Xij61lVTeS/im0deG6F010w28/xG+jDgSitzE/eIoyzl92yl6YJ1IKosNH/SCu2/XnQ==",
      "cpu": [
        "x64"
      ],
      "license": "SEE LICENSE IN LICENSE.md",
      "optional": true,
      "os": [
        "win32"
      ]
    },
    "node_modules/@sourcegraph/amp": {
      "version": "0.0.1784610062-g06294c",
      "resolved": "https://registry.npmjs.org/@sourcegraph/amp/-/amp-0.0.1784610062-g06294c.tgz",
      "integrity": "sha512-as9ehuN41Gcy1Co2EMXv5cDasqoRXwQqSB7EcgMyAGYcqWoxFjtjc/us/7yezBDgPb/RU2mCzHUOAplCv9YxGg==",
      "license": "SEE LICENSE IN LICENSE.md",
      "dependencies": {
        "@ampcode/cli": "0.0.1784610062-g06294c"
      },
      "bin": {
        "amp": "node_modules/@ampcode/cli/bin/amp.exe"
      }
    }
  }
}
