{
  "name": "sourcegraph-amp-nix-wrapper",
  "version": "0.0.0",
  "lockfileVersion": 3,
  "requires": true,
  "packages": {
    "": {
      "name": "sourcegraph-amp-nix-wrapper",
      "version": "0.0.0",
      "dependencies": {
        "@sourcegraph/amp": "0.0.1781920756-g2385c0"
      }
    },
    "node_modules/@ampcode/cli": {
      "version": "0.0.1781920756-g2385c0",
      "resolved": "https://registry.npmjs.org/@ampcode/cli/-/cli-0.0.1781920756-g2385c0.tgz",
      "integrity": "sha512-S2zPwJ6Y5r2DzZ9Te0buaTu7PT/sZ75PKlqeEhHZ7ehK7/ak5z1fuxevDxBU11lv06sts5lg/I5hPyNLR7grkw==",
      "hasInstallScript": true,
      "license": "SEE LICENSE IN LICENSE.md",
      "bin": {
        "amp": "bin/amp.exe"
      },
      "optionalDependencies": {
        "@ampcode/cli-darwin-arm64": "0.0.1781920756-g2385c0",
        "@ampcode/cli-darwin-x64": "0.0.1781920756-g2385c0",
        "@ampcode/cli-linux-arm64": "0.0.1781920756-g2385c0",
        "@ampcode/cli-linux-x64": "0.0.1781920756-g2385c0",
        "@ampcode/cli-win32-x64": "0.0.1781920756-g2385c0"
      }
    },
    "node_modules/@ampcode/cli-darwin-arm64": {
      "version": "0.0.1781920756-g2385c0",
      "resolved": "https://registry.npmjs.org/@ampcode/cli-darwin-arm64/-/cli-darwin-arm64-0.0.1781920756-g2385c0.tgz",
      "integrity": "sha512-H+2DiYHuOJdEih4Td9czyvM0s3XcVcyHFm1N3B0CAbt+fCRpUseziwSM79NeJbzHjHTm6PTJIdCkhzLZ3MDVRw==",
      "cpu": [
        "arm64"
      ],
      "license": "SEE LICENSE IN LICENSE.md",
      "optional": true,
      "os": [
        "darwin"
      ]
    },
    "node_modules/@ampcode/cli-darwin-x64": {
      "version": "0.0.1781920756-g2385c0",
      "resolved": "https://registry.npmjs.org/@ampcode/cli-darwin-x64/-/cli-darwin-x64-0.0.1781920756-g2385c0.tgz",
      "integrity": "sha512-kDpmpixq1FcMbKE/5/aPK4DR8CONKT461okEdJY/7I+gllJhn57Z7AclDpu9CRStDHTeI95W4g21jLijLJRWmA==",
      "cpu": [
        "x64"
      ],
      "license": "SEE LICENSE IN LICENSE.md",
      "optional": true,
      "os": [
        "darwin"
      ]
    },
    "node_modules/@ampcode/cli-linux-arm64": {
      "version": "0.0.1781920756-g2385c0",
      "resolved": "https://registry.npmjs.org/@ampcode/cli-linux-arm64/-/cli-linux-arm64-0.0.1781920756-g2385c0.tgz",
      "integrity": "sha512-xDKovLiGtkzsocDvEP2k4cR/HztKpTSh46r+Pf6NjsW6BgBTnqRVB+HWs5tAMfs282IVQBR+kdAQjgX0FWD6og==",
      "cpu": [
        "arm64"
      ],
      "license": "SEE LICENSE IN LICENSE.md",
      "optional": true,
      "os": [
        "linux"
      ]
    },
    "node_modules/@ampcode/cli-linux-x64": {
      "version": "0.0.1781920756-g2385c0",
      "resolved": "https://registry.npmjs.org/@ampcode/cli-linux-x64/-/cli-linux-x64-0.0.1781920756-g2385c0.tgz",
      "integrity": "sha512-+euy/1LINVh8suo0Y8pxMgdE7wOmjoEkhB8dXA4M+rnRIitCuZIivj+d5Ivhhy4o1fxjyMrNvsYCp68jS13s+A==",
      "cpu": [
        "x64"
      ],
      "license": "SEE LICENSE IN LICENSE.md",
      "optional": true,
      "os": [
        "linux"
      ]
    },
    "node_modules/@ampcode/cli-win32-x64": {
      "version": "0.0.1781920756-g2385c0",
      "resolved": "https://registry.npmjs.org/@ampcode/cli-win32-x64/-/cli-win32-x64-0.0.1781920756-g2385c0.tgz",
      "integrity": "sha512-ho7wuccReRUMweWi7EXUEZ3t+uUyX3UJ9dq49zm7IQJIhs3GjUEECqkj7WXq+lF/RqCe3JBzSNPrFljM9Y4P5A==",
      "cpu": [
        "x64"
      ],
      "license": "SEE LICENSE IN LICENSE.md",
      "optional": true,
      "os": [
        "win32"
      ]
    },
    "node_modules/@sourcegraph/amp": {
      "version": "0.0.1781920756-g2385c0",
      "resolved": "https://registry.npmjs.org/@sourcegraph/amp/-/amp-0.0.1781920756-g2385c0.tgz",
      "integrity": "sha512-5cRpbc5mGCfayjskfrVBME8IUicjdbqIzbRxmJ3bHrQIdAK+/yARM81lM8rasl/bIIPklW4OSnFcxQNbDUtx3g==",
      "license": "SEE LICENSE IN LICENSE.md",
      "dependencies": {
        "@ampcode/cli": "0.0.1781920756-g2385c0"
      },
      "bin": {
        "amp": "node_modules/@ampcode/cli/bin/amp.exe"
      }
    }
  }
}
