{
  "name": "sourcegraph-amp-nix-wrapper",
  "version": "0.0.0",
  "lockfileVersion": 3,
  "requires": true,
  "packages": {
    "": {
      "name": "sourcegraph-amp-nix-wrapper",
      "version": "0.0.0",
      "dependencies": {
        "@sourcegraph/amp": "0.0.1783486870-gfc5c81"
      }
    },
    "node_modules/@ampcode/cli": {
      "version": "0.0.1783486870-gfc5c81",
      "resolved": "https://registry.npmjs.org/@ampcode/cli/-/cli-0.0.1783486870-gfc5c81.tgz",
      "integrity": "sha512-FsTgUUgQ4CzivO2//+R6LmuTmDXEjldpc38aItv+C5ZqGP8X3yS/payvWFo8m/wz1gdcfuiIsK+rYl/L8SxSuQ==",
      "hasInstallScript": true,
      "license": "SEE LICENSE IN LICENSE.md",
      "bin": {
        "amp": "bin/amp.exe"
      },
      "optionalDependencies": {
        "@ampcode/cli-darwin-arm64": "0.0.1783486870-gfc5c81",
        "@ampcode/cli-darwin-x64": "0.0.1783486870-gfc5c81",
        "@ampcode/cli-linux-arm64": "0.0.1783486870-gfc5c81",
        "@ampcode/cli-linux-x64": "0.0.1783486870-gfc5c81",
        "@ampcode/cli-win32-x64": "0.0.1783486870-gfc5c81"
      }
    },
    "node_modules/@ampcode/cli-darwin-arm64": {
      "version": "0.0.1783486870-gfc5c81",
      "resolved": "https://registry.npmjs.org/@ampcode/cli-darwin-arm64/-/cli-darwin-arm64-0.0.1783486870-gfc5c81.tgz",
      "integrity": "sha512-8yZ/vkpSsHQeXHD50I5HSbTLK34eKlDmQwb9fGmRT2tyoSSBojDWW3nLu2SYXIe0O1EKrBURo8DOPPRkR1o9oA==",
      "cpu": [
        "arm64"
      ],
      "license": "SEE LICENSE IN LICENSE.md",
      "optional": true,
      "os": [
        "darwin"
      ]
    },
    "node_modules/@ampcode/cli-darwin-x64": {
      "version": "0.0.1783486870-gfc5c81",
      "resolved": "https://registry.npmjs.org/@ampcode/cli-darwin-x64/-/cli-darwin-x64-0.0.1783486870-gfc5c81.tgz",
      "integrity": "sha512-ob0Yahf7IsO9ML9qoHFV+TAyjuzICPKicH5vkVcFkScfbqI0PUwEkABkl76FTRbywjXua407DzGdgkSKmpNHBQ==",
      "cpu": [
        "x64"
      ],
      "license": "SEE LICENSE IN LICENSE.md",
      "optional": true,
      "os": [
        "darwin"
      ]
    },
    "node_modules/@ampcode/cli-linux-arm64": {
      "version": "0.0.1783486870-gfc5c81",
      "resolved": "https://registry.npmjs.org/@ampcode/cli-linux-arm64/-/cli-linux-arm64-0.0.1783486870-gfc5c81.tgz",
      "integrity": "sha512-yvhm13SfT7YKMS1LTG4CPE5vWXhE00eaIoXBiXnRs/vKvx9wOJ6sIKnMN3a9hVxMPnWsMPXytTQLzbp4h3syLw==",
      "cpu": [
        "arm64"
      ],
      "license": "SEE LICENSE IN LICENSE.md",
      "optional": true,
      "os": [
        "linux"
      ]
    },
    "node_modules/@ampcode/cli-linux-x64": {
      "version": "0.0.1783486870-gfc5c81",
      "resolved": "https://registry.npmjs.org/@ampcode/cli-linux-x64/-/cli-linux-x64-0.0.1783486870-gfc5c81.tgz",
      "integrity": "sha512-3kJTqw4Vd4gl7Ee679jhQPytJeQvqgQsr+aKw3+4lVt24gGvzpsKLasTpVVjIxmFHdV9JyYg4Xt6nyrQDXFbKg==",
      "cpu": [
        "x64"
      ],
      "license": "SEE LICENSE IN LICENSE.md",
      "optional": true,
      "os": [
        "linux"
      ]
    },
    "node_modules/@ampcode/cli-win32-x64": {
      "version": "0.0.1783486870-gfc5c81",
      "resolved": "https://registry.npmjs.org/@ampcode/cli-win32-x64/-/cli-win32-x64-0.0.1783486870-gfc5c81.tgz",
      "integrity": "sha512-uWdfyn88bYsCRmj9rNy9h5EDWS33Mrct0BxBtzPSBr13PTFxrFhMYl59E1oe3Zs11/9wQssBaUFIK+ADo01vog==",
      "cpu": [
        "x64"
      ],
      "license": "SEE LICENSE IN LICENSE.md",
      "optional": true,
      "os": [
        "win32"
      ]
    },
    "node_modules/@sourcegraph/amp": {
      "version": "0.0.1783486870-gfc5c81",
      "resolved": "https://registry.npmjs.org/@sourcegraph/amp/-/amp-0.0.1783486870-gfc5c81.tgz",
      "integrity": "sha512-+iwmiBjRkT8X7U2IH+Mqh4SfESWYKOjn6QrmXxfMvqFpCVXa3EaKZ2e3PQZd7CK4D+MzN+Q+dfNRt9TJjq+2Ww==",
      "license": "SEE LICENSE IN LICENSE.md",
      "dependencies": {
        "@ampcode/cli": "0.0.1783486870-gfc5c81"
      },
      "bin": {
        "amp": "node_modules/@ampcode/cli/bin/amp.exe"
      }
    }
  }
}
